// !$*UTF8*$!
{
	archiveVersion = 1;
	classes = {
	};
	objectVersion = 55;
	objects = {

/* Begin PBXBuildFile section */
		AF403A38272C7137006203B5 /* AppDelegate.swift in Sources */ = {isa = PBXBuildFile; fileRef = AF403A37272C7137006203B5 /* AppDelegate.swift */; };
		AF403A3A272C7137006203B5 /* SceneDelegate.swift in Sources */ = {isa = PBXBuildFile; fileRef = AF403A39272C7137006203B5 /* SceneDelegate.swift */; };
		AF403A3F272C7137006203B5 /* Main.storyboard in Resources */ = {isa = PBXBuildFile; fileRef = AF403A3D272C7137006203B5 /* Main.storyboard */; };
		AF403A41272C7139006203B5 /* Assets.xcassets in Resources */ = {isa = PBXBuildFile; fileRef = AF403A40272C7139006203B5 /* Assets.xcassets */; };
		AF403A44272C7139006203B5 /* LaunchScreen.storyboard in Resources */ = {isa = PBXBuildFile; fileRef = AF403A42272C7139006203B5 /* LaunchScreen.storyboard */; };
		AF7F4124273D810B003F6D32 /* Book.swift in Sources */ = {isa = PBXBuildFile; fileRef = AF7F4123273D810B003F6D32 /* Book.swift */; };
		AF7F4126273D8406003F6D32 /* BookList.swift in Sources */ = {isa = PBXBuildFile; fileRef = AF7F4125273D8406003F6D32 /* BookList.swift */; };
		AF7F4128273D8752003F6D32 /* file.json in Resources */ = {isa = PBXBuildFile; fileRef = AF7F4127273D8752003F6D32 /* file.json */; };
		AF7F412A273D88CE003F6D32 /* BookDecoder.swift in Sources */ = {isa = PBXBuildFile; fileRef = AF7F4129273D88CE003F6D32 /* BookDecoder.swift */; };
		AF7F412C273D8CDB003F6D32 /* BookCell.swift in Sources */ = {isa = PBXBuildFile; fileRef = AF7F412B273D8CDB003F6D32 /* BookCell.swift */; };
		AF8EA0A2274D06340086FE14 /* BookViewModel.swift in Sources */ = {isa = PBXBuildFile; fileRef = AF8EA0A1274D06340086FE14 /* BookViewModel.swift */; };
		AFC590A4273E89C6005B8C2E /* BookListViewController.swift in Sources */ = {isa = PBXBuildFile; fileRef = AFC590A3273E89C6005B8C2E /* BookListViewController.swift */; };
		AFC590A6273E89F3005B8C2E /* BookTableViewCell.swift in Sources */ = {isa = PBXBuildFile; fileRef = AFC590A5273E89F3005B8C2E /* BookTableViewCell.swift */; };
		AFC590A8273EB60C005B8C2E /* DetailsViewController.swift in Sources */ = {isa = PBXBuildFile; fileRef = AFC590A7273EB60C005B8C2E /* DetailsViewController.swift */; };
/* End PBXBuildFile section */

/* Begin PBXFileReference section */
		AF403A34272C7137006203B5 /* TableUI.app */ = {isa = PBXFileReference; explicitFileType = wrapper.application; includeInIndex = 0; path = TableUI.app; sourceTree = BUILT_PRODUCTS_DIR; };
		AF403A37272C7137006203B5 /* AppDelegate.swift */ = {isa = PBXFileReference; lastKnownFileType = sourcecode.swift; path = AppDelegate.swift; sourceTree = "<group>"; };
		AF403A39272C7137006203B5 /* SceneDelegate.swift */ = {isa = PBXFileReference; lastKnownFileType = sourcecode.swift; path = SceneDelegate.swift; sourceTree = "<group>"; };
		AF403A3E272C7137006203B5 /* Base */ = {isa = PBXFileReference; lastKnownFileType = file.storyboard; name = Base; path = Base.lproj/Main.storyboard; sourceTree = "<group>"; };
		AF403A40272C7139006203B5 /* Assets.xcassets */ = {isa = PBXFileReference; lastKnownFileType = folder.assetcatalog; path = Assets.xcassets; sourceTree = "<group>"; };
		AF403A43272C7139006203B5 /* Base */ = {isa = PBXFileReference; lastKnownFileType = file.storyboard; name = Base; path = Base.lproj/LaunchScreen.storyboard; sourceTree = "<group>"; };
		AF403A45272C7139006203B5 /* Info.plist */ = {isa = PBXFileReference; lastKnownFileType = text.plist.xml; path = Info.plist; sourceTree = "<group>"; };
		AF7F4123273D810B003F6D32 /* Book.swift */ = {isa = PBXFileReference; lastKnownFileType = sourcecode.swift; path = Book.swift; sourceTree = "<group>"; };
		AF7F4125273D8406003F6D32 /* BookList.swift */ = {isa = PBXFileReference; lastKnownFileType = sourcecode.swift; path = BookList.swift; sourceTree = "<group>"; };
		AF7F4127273D8752003F6D32 /* file.json */ = {isa = PBXFileReference; fileEncoding = 4; lastKnownFileType = text.json; path = file.json; sourceTree = "<group>"; };
		AF7F4129273D88CE003F6D32 /* BookDecoder.swift */ = {isa = PBXFileReference; lastKnownFileType = sourcecode.swift; path = BookDecoder.swift; sourceTree = "<group>"; };
		AF7F412B273D8CDB003F6D32 /* BookCell.swift */ = {isa = PBXFileReference; lastKnownFileType = sourcecode.swift; path = BookCell.swift; sourceTree = "<group>"; };
		AF8EA0A1274D06340086FE14 /* BookViewModel.swift */ = {isa = PBXFileReference; lastKnownFileType = sourcecode.swift; path = BookViewModel.swift; sourceTree = "<group>"; };
		AFC590A3273E89C6005B8C2E /* BookListViewController.swift */ = {isa = PBXFileReference; lastKnownFileType = sourcecode.swift; path = BookListViewController.swift; sourceTree = "<group>"; };
		AFC590A5273E89F3005B8C2E /* BookTableViewCell.swift */ = {isa = PBXFileReference; lastKnownFileType = sourcecode.swift; path = BookTableViewCell.swift; sourceTree = "<group>"; };
		AFC590A7273EB60C005B8C2E /* DetailsViewController.swift */ = {isa = PBXFileReference; lastKnownFileType = sourcecode.swift; path = DetailsViewController.swift; sourceTree = "<group>"; };
/* End PBXFileReference section */

/* Begin PBXFrameworksBuildPhase section */
		AF403A31272C7137006203B5 /* Frameworks */ = {
			isa = PBXFrameworksBuildPhase;
			buildActionMask = 2147483647;
			files = (
			);
			runOnlyForDeploymentPostprocessing = 0;
		};
/* End PBXFrameworksBuildPhase section */

/* Begin PBXGroup section */
		AF403A2B272C7137006203B5 = {
			isa = PBXGroup;
			children = (
				AF403A36272C7137006203B5 /* TableUI */,
				AF403A35272C7137006203B5 /* Products */,
			);
			sourceTree = "<group>";
		};
		AF403A35272C7137006203B5 /* Products */ = {
			isa = PBXGroup;
			children = (
				AF403A34272C7137006203B5 /* TableUI.app */,
			);
			name = Products;
			sourceTree = "<group>";
		};
		AF403A36272C7137006203B5 /* TableUI */ = {
			isa = PBXGroup;
			children = (
				AF8EA0A0274D04630086FE14 /* View */,
				AFC590A2273E8980005B8C2E /* ViewModel */,
				AFC5909F273E854E005B8C2E /* Model */,
				AFC5909E273E852D005B8C2E /* OldView */,
				AFC5909D273E84F2005B8C2E /* Application */,
				AF403A45272C7139006203B5 /* Info.plist */,
			);
			path = TableUI;
			sourceTree = "<group>";
		};
		AF8EA0A0274D04630086FE14 /* View */ = {
			isa = PBXGroup;
			children = (
				AFC590A3273E89C6005B8C2E /* BookListViewController.swift */,
				AFC590A5273E89F3005B8C2E /* BookTableViewCell.swift */,
				AFC590A7273EB60C005B8C2E /* DetailsViewController.swift */,
			);
			path = View;
			sourceTree = "<group>";
		};
		AFC5909D273E84F2005B8C2E /* Application */ = {
			isa = PBXGroup;
			children = (
				AF403A37272C7137006203B5 /* AppDelegate.swift */,
				AF403A39272C7137006203B5 /* SceneDelegate.swift */,
				AF403A40272C7139006203B5 /* Assets.xcassets */,
				AF403A3D272C7137006203B5 /* Main.storyboard */,
				AF403A42272C7139006203B5 /* LaunchScreen.storyboard */,
				AF7F4127273D8752003F6D32 /* file.json */,
			);
			path = Application;
			sourceTree = "<group>";
		};
		AFC5909E273E852D005B8C2E /* OldView */ = {
			isa = PBXGroup;
			children = (
				AF7F4125273D8406003F6D32 /* BookList.swift */,
				AF7F412B273D8CDB003F6D32 /* BookCell.swift */,
			);
			path = OldView;
			sourceTree = "<group>";
		};
		AFC5909F273E854E005B8C2E /* Model */ = {
			isa = PBXGroup;
			children = (
				AF7F4129273D88CE003F6D32 /* BookDecoder.swift */,
				AF7F4123273D810B003F6D32 /* Book.swift */,
			);
			path = Model;
			sourceTree = "<group>";
		};
		AFC590A2273E8980005B8C2E /* ViewModel */ = {
			isa = PBXGroup;
			children = (
				AF8EA0A1274D06340086FE14 /* BookViewModel.swift */,
			);
			path = ViewModel;
			sourceTree = "<group>";
		};
/* End PBXGroup section */

/* Begin PBXNativeTarget section */
		AF403A33272C7137006203B5 /* TableUI */ = {
			isa = PBXNativeTarget;
			buildConfigurationList = AF403A48272C7139006203B5 /* Build configuration list for PBXNativeTarget "TableUI" */;
			buildPhases = (
				AF403A30272C7137006203B5 /* Sources */,
				AF403A31272C7137006203B5 /* Frameworks */,
				AF403A32272C7137006203B5 /* Resources */,
			);
			buildRules = (
			);
			dependencies = (
			);
			name = TableUI;
			productName = TableUI;
			productReference = AF403A34272C7137006203B5 /* TableUI.app */;
			productType = "com.apple.product-type.application";
		};
/* End PBXNativeTarget section */

/* Begin PBXProject section */
		AF403A2C272C7137006203B5 /* Project object */ = {
			isa = PBXProject;
			attributes = {
				BuildIndependentTargetsInParallel = 1;
				LastSwiftUpdateCheck = 1300;
				LastUpgradeCheck = 1300;
				TargetAttributes = {
					AF403A33272C7137006203B5 = {
						CreatedOnToolsVersion = 13.0;
					};
				};
			};
			buildConfigurationList = AF403A2F272C7137006203B5 /* Build configuration list for PBXProject "TableUI" */;
			compatibilityVersion = "Xcode 13.0";
			developmentRegion = en;
			hasScannedForEncodings = 0;
			knownRegions = (
				en,
				Base,
			);
			mainGroup = AF403A2B272C7137006203B5;
			productRefGroup = AF403A35272C7137006203B5 /* Products */;
			projectDirPath = "";
			projectRoot = "";
			targets = (
				AF403A33272C7137006203B5 /* TableUI */,
			);
		};
/* End PBXProject section */

/* Begin PBXResourcesBuildPhase section */
		AF403A32272C7137006203B5 /* Resources */ = {
			isa = PBXResourcesBuildPhase;
			buildActionMask = 2147483647;
			files = (
				AF403A44272C7139006203B5 /* LaunchScreen.storyboard in Resources */,
				AF7F4128273D8752003F6D32 /* file.json in Resources */,
				AF403A41272C7139006203B5 /* Assets.xcassets in Resources */,
				AF403A3F272C7137006203B5 /* Main.storyboard in Resources */,
			);
			runOnlyForDeploymentPostprocessing = 0;
		};
/* End PBXResourcesBuildPhase section */

/* Begin PBXSourcesBuildPhase section */
		AF403A30272C7137006203B5 /* Sources */ = {
			isa = PBXSourcesBuildPhase;
			buildActionMask = 2147483647;
			files = (
				AFC590A6273E89F3005B8C2E /* BookTableViewCell.swift in Sources */,
				AF7F412C273D8CDB003F6D32 /* BookCell.swift in Sources */,
				AFC590A8273EB60C005B8C2E /* DetailsViewController.swift in Sources */,
				AF7F4126273D8406003F6D32 /* BookList.swift in Sources */,
				AF403A38272C7137006203B5 /* AppDelegate.swift in Sources */,
				AF8EA0A2274D06340086FE14 /* BookViewModel.swift in Sources */,
				AF7F412A273D88CE003F6D32 /* BookDecoder.swift in Sources */,
				AF7F4124273D810B003F6D32 /* Book.swift in Sources */,
				AF403A3A272C7137006203B5 /* SceneDelegate.swift in Sources */,
				AFC590A4273E89C6005B8C2E /* BookListViewController.swift in Sources */,
			);
			runOnlyForDeploymentPostprocessing = 0;
		};
/* End PBXSourcesBuildPhase section */

/* Begin PBXVariantGroup section */
		AF403A3D272C7137006203B5 /* Main.storyboard */ = {
			isa = PBXVariantGroup;
			children = (
				AF403A3E272C7137006203B5 /* Base */,
			);
			name = Main.storyboard;
			sourceTree = "<group>";
		};
		AF403A42272C7139006203B5 /* LaunchScreen.storyboard */ = {
			isa = PBXVariantGroup;
			children = (
				AF403A43272C7139006203B5 /* Base */,
			);
			name = LaunchScreen.storyboard;
			sourceTree = "<group>";
		};
/* End PBXVariantGroup section */

/* Begin XCBuildConfiguration section */
		AF403A46272C7139006203B5 /* Debug */ = {
			isa = XCBuildConfiguration;
			buildSettings = {
				ALWAYS_SEARCH_USER_PATHS = NO;
				CLANG_ANALYZER_NONNULL = YES;
				CLANG_ANALYZER_NUMBER_OBJECT_CONVERSION = YES_AGGRESSIVE;
				CLANG_CXX_LANGUAGE_STANDARD = "gnu++17";
				CLANG_CXX_LIBRARY = "libc++";
				CLANG_ENABLE_MODULES = YES;
				CLANG_ENABLE_OBJC_ARC = YES;
				CLANG_ENABLE_OBJC_WEAK = YES;
				CLANG_WARN_BLOCK_CAPTURE_AUTORELEASING = YES;
				CLANG_WARN_BOOL_CONVERSION = YES;
				CLANG_WARN_COMMA = YES;
				CLANG_WARN_CONSTANT_CONVERSION = YES;
				CLANG_WARN_DEPRECATED_OBJC_IMPLEMENTATIONS = YES;
				CLANG_WARN_DIRECT_OBJC_ISA_USAGE = YES_ERROR;
				CLANG_WARN_DOCUMENTATION_COMMENTS = YES;
				CLANG_WARN_EMPTY_BODY = YES;
				CLANG_WARN_ENUM_CONVERSION = YES;
				CLANG_WARN_INFINITE_RECURSION = YES;
				CLANG_WARN_INT_CONVERSION = YES;
				CLANG_WARN_NON_LITERAL_NULL_CONVERSION = YES;
				CLANG_WARN_OBJC_IMPLICIT_RETAIN_SELF = YES;
				CLANG_WARN_OBJC_LITERAL_CONVERSION = YES;
				CLANG_WARN_OBJC_ROOT_CLASS = YES_ERROR;
				CLANG_WARN_QUOTED_INCLUDE_IN_FRAMEWORK_HEADER = YES;
				CLANG_WARN_RANGE_LOOP_ANALYSIS = YES;
				CLANG_WARN_STRICT_PROTOTYPES = YES;
				CLANG_WARN_SUSPICIOUS_MOVE = YES;
				CLANG_WARN_UNGUARDED_AVAILABILITY = YES_AGGRESSIVE;
				CLANG_WARN_UNREACHABLE_CODE = YES;
				CLANG_WARN__DUPLICATE_METHOD_MATCH = YES;
				COPY_PHASE_STRIP = NO;
				DEBUG_INFORMATION_FORMAT = dwarf;
				ENABLE_STRICT_OBJC_MSGSEND = YES;
				ENABLE_TESTABILITY = YES;
				GCC_C_LANGUAGE_STANDARD = gnu11;
				GCC_DYNAMIC_NO_PIC = NO;
				GCC_NO_COMMON_BLOCKS = YES;
				GCC_OPTIMIZATION_LEVEL = 0;
				GCC_PREPROCESSOR_DEFINITIONS = (
					"DEBUG=1",
					"$(inherited)",
				);
				GCC_WARN_64_TO_32_BIT_CONVERSION = YES;
				GCC_WARN_ABOUT_RETURN_TYPE = YES_ERROR;
				GCC_WARN_UNDECLARED_SELECTOR = YES;
				GCC_WARN_UNINITIALIZED_AUTOS = YES_AGGRESSIVE;
				GCC_WARN_UNUSED_FUNCTION = YES;
				GCC_WARN_UNUSED_VARIABLE = YES;
				IPHONEOS_DEPLOYMENT_TARGET = 15.0;
				MTL_ENABLE_DEBUG_INFO = INCLUDE_SOURCE;
				MTL_FAST_MATH = YES;
				ONLY_ACTIVE_ARCH = YES;
				SDKROOT = iphoneos;
				SWIFT_ACTIVE_COMPILATION_CONDITIONS = DEBUG;
				SWIFT_OPTIMIZATION_LEVEL = "-Onone";
			};
			name = Debug;
		};
		AF403A47272C7139006203B5 /* Release */ = {
			isa = XCBuildConfiguration;
			buildSettings = {
				ALWAYS_SEARCH_USER_PATHS = NO;
				CLANG_ANALYZER_NONNULL = YES;
				CLANG_ANALYZER_NUMBER_OBJECT_CONVERSION = YES_AGGRESSIVE;
				CLANG_CXX_LANGUAGE_STANDARD = "gnu++17";
				CLANG_CXX_LIBRARY = "libc++";
				CLANG_ENABLE_MODULES = YES;
				CLANG_ENABLE_OBJC_ARC = YES;
				CLANG_ENABLE_OBJC_WEAK = YES;
				CLANG_WARN_BLOCK_CAPTURE_AUTORELEASING = YES;
				CLANG_WARN_BOOL_CONVERSION = YES;
				CLANG_WARN_COMMA = YES;
				CLANG_WARN_CONSTANT_CONVERSION = YES;
				CLANG_WARN_DEPRECATED_OBJC_IMPLEMENTATIONS = YES;
				CLANG_WARN_DIRECT_OBJC_ISA_USAGE = YES_ERROR;
				CLANG_WARN_DOCUMENTATION_COMMENTS = YES;
				CLANG_WARN_EMPTY_BODY = YES;
				CLANG_WARN_ENUM_CONVERSION = YES;
				CLANG_WARN_INFINITE_RECURSION = YES;
				CLANG_WARN_INT_CONVERSION = YES;
				CLANG_WARN_NON_LITERAL_NULL_CONVERSION = YES;
				CLANG_WARN_OBJC_IMPLICIT_RETAIN_SELF = YES;
				CLANG_WARN_OBJC_LITERAL_CONVERSION = YES;
				CLANG_WARN_OBJC_ROOT_CLASS = YES_ERROR;
				CLANG_WARN_QUOTED_INCLUDE_IN_FRAMEWORK_HEADER = YES;
				CLANG_WARN_RANGE_LOOP_ANALYSIS = YES;
				CLANG_WARN_STRICT_PROTOTYPES = YES;
				CLANG_WARN_SUSPICIOUS_MOVE = YES;
				CLANG_WARN_UNGUARDED_AVAILABILITY = YES_AGGRESSIVE;
				CLANG_WARN_UNREACHABLE_CODE = YES;
				CLANG_WARN__DUPLICATE_METHOD_MATCH = YES;
				COPY_PHASE_STRIP = NO;
				DEBUG_INFORMATION_FORMAT = "dwarf-with-dsym";
				ENABLE_NS_ASSERTIONS = NO;
				ENABLE_STRICT_OBJC_MSGSEND = YES;
				GCC_C_LANGUAGE_STANDARD = gnu11;
				GCC_NO_COMMON_BLOCKS = YES;
				GCC_WARN_64_TO_32_BIT_CONVERSION = YES;
				GCC_WARN_ABOUT_RETURN_TYPE = YES_ERROR;
				GCC_WARN_UNDECLARED_SELECTOR = YES;
				GCC_WARN_UNINITIALIZED_AUTOS = YES_AGGRESSIVE;
				GCC_WARN_UNUSED_FUNCTION = YES;
				GCC_WARN_UNUSED_VARIABLE = YES;
				IPHONEOS_DEPLOYMENT_TARGET = 15.0;
				MTL_ENABLE_DEBUG_INFO = NO;
				MTL_FAST_MATH = YES;
				SDKROOT = iphoneos;
				SWIFT_COMPILATION_MODE = wholemodule;
				SWIFT_OPTIMIZATION_LEVEL = "-O";
				VALIDATE_PRODUCT = YES;
			};
			name = Release;
		};
		AF403A49272C7139006203B5 /* Debug */ = {
			isa = XCBuildConfiguration;
			buildSettings = {
				ASSETCATALOG_COMPILER_APPICON_NAME = AppIcon;
				ASSETCATALOG_COMPILER_GLOBAL_ACCENT_COLOR_NAME = AccentColor;
				CODE_SIGN_STYLE = Automatic;
				CURRENT_PROJECT_VERSION = 1;
				DEVELOPMENT_TEAM = M7593XP8TX;
				GENERATE_INFOPLIST_FILE = YES;
				INFOPLIST_FILE = TableUI/Info.plist;
				INFOPLIST_KEY_UIApplicationSupportsIndirectInputEvents = YES;
				INFOPLIST_KEY_UILaunchStoryboardName = LaunchScreen;
				INFOPLIST_KEY_UIMainStoryboardFile = Main;
				INFOPLIST_KEY_UISupportedInterfaceOrientations_iPad = "UIInterfaceOrientationPortrait UIInterfaceOrientationPortraitUpsideDown UIInterfaceOrientationLandscapeLeft UIInterfaceOrientationLandscapeRight";
				INFOPLIST_KEY_UISupportedInterfaceOrientations_iPhone = "UIInterfaceOrientationPortrait UIInterfaceOrientationLandscapeLeft UIInterfaceOrientationLandscapeRight";
				IPHONEOS_DEPLOYMENT_TARGET = 14.3;
				LD_RUNPATH_SEARCH_PATHS = (
					"$(inherited)",
					"@executable_path/Frameworks",
				);
				MARKETING_VERSION = 1.0;
				PRODUCT_BUNDLE_IDENTIFIER = com.Kristen.TableUI;
				PRODUCT_NAME = "$(TARGET_NAME)";
				SWIFT_EMIT_LOC_STRINGS = YES;
				SWIFT_VERSION = 5.0;
				TARGETED_DEVICE_FAMILY = "1,2";
			};
			name = Debug;
		};
		AF403A4A272C7139006203B5 /* Release */ = {
			isa = XCBuildConfiguration;
			buildSettings = {
				ASSETCATALOG_COMPILER_APPICON_NAME = AppIcon;
				ASSETCATALOG_COMPILER_GLOBAL_ACCENT_COLOR_NAME = AccentColor;
				CODE_SIGN_STYLE = Automatic;
				CURRENT_PROJECT_VERSION = 1;
				DEVELOPMENT_TEAM = M7593XP8TX;
				GENERATE_INFOPLIST_FILE = YES;
				INFOPLIST_FILE = TableUI/Info.plist;
				INFOPLIST_KEY_UIApplicationSupportsIndirectInputEvents = YES;
				INFOPLIST_KEY_UILaunchStoryboardName = LaunchScreen;
				INFOPLIST_KEY_UIMainStoryboardFile = Main;
				INFOPLIST_KEY_UISupportedInterfaceOrientations_iPad = "UIInterfaceOrientationPortrait UIInterfaceOrientationPortraitUpsideDown UIInterfaceOrientationLandscapeLeft UIInterfaceOrientationLandscapeRight";
				INFOPLIST_KEY_UISupportedInterfaceOrientations_iPhone = "UIInterfaceOrientationPortrait UIInterfaceOrientationLandscapeLeft UIInterfaceOrientationLandscapeRight";
				IPHONEOS_DEPLOYMENT_TARGET = 14.3;
				LD_RUNPATH_SEARCH_PATHS = (
					"$(inherited)",
					"@executable_path/Frameworks",
				);
				MARKETING_VERSION = 1.0;
				PRODUCT_BUNDLE_IDENTIFIER = com.Kristen.TableUI;
				PRODUCT_NAME = "$(TARGET_NAME)";
				SWIFT_EMIT_LOC_STRINGS = YES;
				SWIFT_VERSION = 5.0;
				TARGETED_DEVICE_FAMILY = "1,2";
			};
			name = Release;
		};
/* End XCBuildConfiguration section */

/* Begin XCConfigurationList section */
		AF403A2F272C7137006203B5 /* Build configuration list for PBXProject "TableUI" */ = {
			isa = XCConfigurationList;
			buildConfigurations = (
				AF403A46272C7139006203B5 /* Debug */,
				AF403A47272C7139006203B5 /* Release */,
			);
			defaultConfigurationIsVisible = 0;
			defaultConfigurationName = Release;
		};
		AF403A48272C7139006203B5 /* Build configuration list for PBXNativeTarget "TableUI" */ = {
			isa = XCConfigurationList;
			buildConfigurations = (
				AF403A49272C7139006203B5 /* Debug */,
				AF403A4A272C7139006203B5 /* Release */,
			);
			defaultConfigurationIsVisible = 0;
			defaultConfigurationName = Release;
		};
/* End XCConfigurationList section */
	};
	rootObject = AF403A2C272C7137006203B5 /* Project object */;
}
